github.com/fsnotify/fsnotify v0.0.0-20170329110642-4da3e2cfbabc h1:fqUzyjP8DApxXq0dOZJE/NvqQkyjxiTy9ARNyRwBPEw=
github.com/fsnotify/fsnotify v0.0.0-20170329110642-4da3e2cfbabc/go.mod h1:jwhsz4b93w/PPRr/qN1Yymfu8t87LnFCMoQvtojpjFo=
github.com/glycerine/blake2b v0.0.0-20151022103502-3c8c640cd7be h1:XBJdPGgA3qqhW+p9CANCAVdF7ZIXdu3pZAkypMkKAjE=
github.com/glycerine/blake2b v0.0.0-20151022103502-3c8c640cd7be/go.mod h1:OSCrScrFAjcBObrulk6BEQlytA462OkG1UGB5NYj9kE=
github.com/glycerine/goconvey v0.0.0-20180204112420-eaa0dfea5c9a h1:Hjvuad4IGLOoR3/08UoHrqtyd+AgXJc1leijvDpI+Ic=
github.com/glycerine/goconvey v0.0.0-20180204112420-eaa0dfea5c9a/go.mod h1:Ogl1Tioa0aV7gstGFO7KhffUsb9M4ydbEbbxpcEDc24=
github.com/glycerine/golua v0.0.0-20180306093524-e9b745b4e897 h1:CzYqZGvEhmBgTG2e1KEpJDntwE5/QMqj47EkjmxkQPY=
github.com/glycerine/golua v0.0.0-20180306093524-e9b745b4e897/go.mod h1:aGLbFQTZf6xHC/kU811IouxUAuGVRQtqvGgZ+vIRPsE=
github.com/glycerine/greenpack v5.0.8+incompatible h1:o/CLUzhCsUzxEvUIGxP/x7l8riSQDDSlf+qCSrz8rpY=
github.com/glycerine/greenpack v5.0.8+incompatible/go.mod h1:us0jVISAESGjsEuLlAfCd5nkZm6W6WQF18HPuOecIg4=
github.com/glycerine/idem v0.0.0-20170814180359-85d66eb90943 h1:WufOXONC2o26Lyp7U7egmSzn8PN6lD+0222F0KirFBE=
github.com/glycerine/idem v0.0.0-20170814180359-85d66eb90943/go.mod h1:B72P/ZM99sNiCmaQJflpmMAF5LsDzStpLdWzn0+Vr2Y=
github.com/glycerine/liner v0.0.0-20160121172638-72909af234e0 h1:4ZegphJXBTc4uFQ08UVoWYmQXorGa+ipXetUj83sMBc=
github.com/glycerine/liner v0.0.0-20160121172638-72909af234e0/go.mod h1:AqJLs6UeoC65dnHxyCQ6MO31P5STpjcmgaANAU+No8Q=
github.com/glycerine/luar v0.0.0-20180109082321-2cecfc389e83 h1:WUdXc+l3gqYeX5je3+b199grRv0hsnKILllEZEc1qho=
github.com/glycerine/luar v0.0.0-20180109082321-2cecfc389e83/go.mod h1:2CaowJVP95lixRk1Ha+2YvDi75noMjbqCZE2VgIjaYw=
github.com/glycerine/tmframe v0.0.0-20170826015011-092b9413cc9c h1:Y55MVyuuN6+pPJ/wwAEvRdEVTKG1491XG9Qfv6mmWpA=
github.com/glycerine/tmframe v0.0.0-20170826015011-092b9413cc9c/go.mod h1:+AcdwQxmEHSv8ogfvAsdqQjdJo9nEEmbXmgpXWWBqj8=
github.com/glycerine/zebrapack v4.1.0+incompatible h1:6NSCOgP++no0wTQmTagZ+5B015IJfD9eAJFX9X5sRV8=
github.com/glycerine/zebrapack v4.1.0+incompatible/go.mod h1:btd5b+WRgHDx1xF7zhe6lCdO20YGHHO07Q4AleE31+s=
github.com/glycerine/zygomys v5.0.3+incompatible h1:7Og7Lx9N4VN1sfe4CbUKm+pyzhaCuEW0aEQ3Tl7oxnc=
github.com/glycerine/zygomys v5.0.3+incompatible/go.mod h1:i3SPKZpmy9dwF/3iWrXJ/ZLyzZucegwypwOmqRkUUaQ=
github.com/gopherjs/gopherjs v0.0.0-20171102034023-444abdf92094/go.mod h1:wJfORRmW1u3UXTncJ5qlYoELFm8eSnnEO6hX4iZ3EWY=
github.com/jtolds/gls v4.2.1+incompatible h1:fSuqC+Gmlu6l/ZYAoZzx2pyucC8Xza35fpRVWLVmUEE=
github.com/jtolds/gls v4.2.1+incompatible/go.mod h1:QJZ7F/aHp+rZTRtaJ1ow/lLfFfVYBRgL+9YlvaHOwJU=
github.com/nats-io/gnatsd v1.3.0 h1:+5d80klu3QaJgNbdavVBjWJP7cHd11U2CLnRTFM9ICI=
github.com/nats-io/go-nats v1.6.0 h1:FznPwMfrVwGnSCh7JTXyJDRW0TIkD4Tr+M1LPJt9T70=
github.com/nats-io/go-nats v1.6.0/go.mod h1:+t7RHT5ApZebkrQdnn6AhQJmhJJiKAvJUio1PiiCtj0=
github.com/nats-io/nats v1.6.0 h1:U5b2apHOTZlUou+NGfCRWG4ZEeivbt2hpsZO4kHKIVU=
github.com/nats-io/nats v1.6.0/go.mod h1:PpmYZwlgTfBI56QypJLfIMOfLnMRuVs+VL6r8mQ2SoQ=
github.com/nats-io/nuid v1.0.0 h1:44QGdhbiANq8ZCbUkdn6W5bqtg+mHuDE4wOUuxxndFs=
github.com/nats-io/nuid v1.0.0/go.mod h1:19wcPz3Ph3q0Jbyiqsd0kePYG7A95tJPxeL+1OSON2c=
github.com/neelance/astrewrite v0.0.0-20160511093645-99348263ae86 h1:D6paGObi5Wud7xg83MaEFyjxQB1W5bz5d0IFppr+ymk=
github.com/neelance/astrewrite v0.0.0-20160511093645-99348263ae86/go.mod h1:kHJEU3ofeGjhHklVoIGuVj85JJwZ6kWPaJwCIxgnFmo=
github.com/neelance/sourcemap v0.0.0-20151028013722-8c68805598ab h1:eFXv9Nu1lGbrNbj619aWwZfVF5HBrm9Plte8aNptuTI=
github.com/neelance/sourcemap v0.0.0-20151028013722-8c68805598ab/go.mod h1:Qr6/a/Q4r9LP1IltGz7tA7iOK1WonHEYhu1HRBA7ZiM=
github.com/philhofer/fwd v1.0.0 h1:UbZqGr5Y38ApvM/V/jEljVxwocdweyH+vmYvRPBnbqQ=
github.com/philhofer/fwd v1.0.0/go.mod h1:gk3iGcWd9+svBvR0sR+KPcfE+RNWozjowpeBVG3ZVNU=
github.com/shurcooL/go v0.0.0-20180423040247-9e1955d9fb6e h1:MZM7FHLqUHYI0Y/mQAt3d2aYa0SiNms/hFqC9qJYolM=
github.com/shurcooL/go v0.0.0-20180423040247-9e1955d9fb6e/go.mod h1:TDJrrUr11Vxrven61rcy3hJMUqaf/CLWYhHNPmT14Lk=
github.com/shurcooL/go-goon v0.0.0-20170922171312-37c2f522c041 h1:llrF3Fs4018ePo4+G/HV/uQUqEI1HMDjCeOf2V6puPc=
github.com/shurcooL/go-goon v0.0.0-20170922171312-37c2f522c041/go.mod h1:N5mDOmsrJOB+vfqUK+7DmDyjhSLIIBnXo9lvZJj3MWQ=
github.com/shurcooL/httpfs v0.0.0-20171119174359-809beceb2371 h1:SWV2fHctRpRrp49VXJ6UZja7gU9QLHwRpIPBN89SKEo=
github.com/shurcooL/httpfs v0.0.0-20171119174359-809beceb2371/go.mod h1:ZY1cvUeJuFPAdZ/B6v7RHavJWZn2YPVFQ1OSXhCGOkg=
github.com/tinylib/msgp v1.0.2 h1:DfdQrzQa7Yh2es9SuLkixqxuXS2SxsdYn0KbdrOGWD8=
github.com/tinylib/msgp v1.0.2/go.mod h1:+d+yLhGm8mzTaHzB+wgMYrodPfmZrzkirds8fDWklFE=
github.com/ugorji/go/codec v0.0.0-20180927125128-99ea80c8b19a h1:BgdofUvNP/srMxiUUpGyZm+WjX/qXpMXdl3edRf1Ta0=
github.com/ugorji/go/codec v0.0.0-20180927125128-99ea80c8b19a/go.mod h1:VFNgLljTbGfSG7qAOspJ7OScBnGdDN/yBr0sguwnwf0=
golang.org/x/exp v0.0.0-20180321215751-8460e604b9de h1:xSjD6HQTqT0H/k60N5yYBtnN1OEkVy7WIo/DYyxKRO0=
golang.org/x/exp v0.0.0-20180321215751-8460e604b9de/go.mod h1:CJ0aWSM057203Lf6IL+f9T1iT9GByDxfZKAQTCR3kQA=
golang.org/x/sys v0.0.0-20180103160302-28a7276518d3 h1:O5z2v/jbQ5P0KaiTgBhTGZEUDva+9k/8brGeiX6U9w0=
golang.org/x/sys v0.0.0-20180103160302-28a7276518d3/go.mod h1:STP8DvDyc/dI5b8T5hshtkjS+E42TnysNCUPdjciGhY=
golang.org/x/tools v0.0.0-20171228081641-f271d7a0f8cf h1:rhVv3x40jzq04V4oMjzmZ/l4n0FQORhv0gNSvliOyYE=
golang.org/x/tools v0.0.0-20171228081641-f271d7a0f8cf/go.mod h1:n7NCudcB/nEzxVGmLbDWY5pfWTLqBcC2KZ6jyYvM4mQ=
golang.org/x/tools v0.0.0-20180525024113-a5b4c53f6e8b h1:7tibmaEqrQYA+q6ri7NQjuxqSwechjtDHKq6/e85S38=
golang.org/x/tools v0.0.0-20180525024113-a5b4c53f6e8b/go.mod h1:n7NCudcB/nEzxVGmLbDWY5pfWTLqBcC2KZ6jyYvM4mQ=
golang.org/x/tools v0.0.0-20181010000725-29f11e2b93f4 h1:dSkcJpuEM+ym8mRlAr1SmNP7b6oly3YgQmAsd09CO40=
gonum.org/v1/gonum v0.0.0-20181006214343-513db5a0a3aa h1:tkbaCWpozVFaZS185aDGIkyhS4zq12qkjGjIrQXXsOM=
gonum.org/v1/gonum v0.0.0-20181006214343-513db5a0a3aa/go.mod h1:Y+Yx5eoAFn32cQvJDxZx5Dpnq+c3wtXuadVZAcxbbBo=
